
Microsoft Visual Studio Solution File, Format Version 12.00
# Visual Studio Version 16
VisualStudioVersion = 16.0.31019.35
MinimumVisualStudioVersion = 10.0.40219.1
Project("{9A19103F-16F7-4668-BE54-9A1E7A4F7556}") = "HelloWold.Publisher", "HelloWold.Publisher\HelloWold.Publisher.csproj", "{B413B509-1487-4CEE-8E4F-A4F1119062C4}"
EndProject
Project("{9A19103F-16F7-4668-BE54-9A1E7A4F7556}") = "HelloWold.Subscriber", "HelloWold.Subscriber\HelloWold.Subscriber.csproj", "{E682C4B0-976E-403B-BF4D-C4228B0B5320}"
EndProject
Project("{9A19103F-16F7-4668-BE54-9A1E7A4F7556}") = "Shared", "Shared\Shared.csproj", "{25416878-7D8C-4356-AFD8-4693FA827974}"
EndProject
Project("{9A19103F-16F7-4668-BE54-9A1E7A4F7556}") = "RabbitMQWeb.Watermark", "RabbitMQWeb.Watermark\RabbitMQWeb.Watermark.csproj", "{5F977793-8D04-42F9-BB12-FA9BCCFBA677}"
EndProject
Project("{FAE04EC0-301F-11D3-BF4B-00C04F79EFBC}") = "RabbitMQWeb.ExcelCreate", "RabbitMQWeb.ExcelCreate\RabbitMQWeb.ExcelCreate.csproj", "{25517A85-033B-4F75-9816-74A5D8139589}"
EndProject
Project("{FAE04EC0-301F-11D3-BF4B-00C04F79EFBC}") = "RabbitMQWorkerService.ExcelCreate", "RabbitMQWorkerService.ExcelCreate\RabbitMQWorkerService.ExcelCreate.csproj", "{9FB1BE47-B05A-466C-A37D-045DE4970648}"
EndProject
Global
	GlobalSection(SolutionConfigurationPlatforms) = preSolution
		Debug|Any CPU = Debug|Any CPU
		Release|Any CPU = Release|Any CPU
	EndGlobalSection
	GlobalSection(ProjectConfigurationPlatforms) = postSolution
		{B413B509-1487-4CEE-8E4F-A4F1119062C4}.Debug|Any CPU.ActiveCfg = Debug|Any CPU
		{B413B509-1487-4CEE-8E4F-A4F1119062C4}.Debug|Any CPU.Build.0 = Debug|Any CPU
		{B413B509-1487-4CEE-8E4F-A4F1119062C4}.Release|Any CPU.ActiveCfg = Release|Any CPU
		{B413B509-1487-4CEE-8E4F-A4F1119062C4}.Release|Any CPU.Build.0 = Release|Any CPU
		{E682C4B0-976E-403B-BF4D-C4228B0B5320}.Debug|Any CPU.ActiveCfg = Debug|Any CPU
		{E682C4B0-976E-403B-BF4D-C4228B0B5320}.Debug|Any CPU.Build.0 = Debug|Any CPU
		{E682C4B0-976E-403B-BF4D-C4228B0B5320}.Release|Any CPU.ActiveCfg = Release|Any CPU
		{E682C4B0-976E-403B-BF4D-C4228B0B5320}.Release|Any CPU.Build.0 = Release|Any CPU
		{25416878-7D8C-4356-AFD8-4693FA827974}.Debug|Any CPU.ActiveCfg = Debug|Any CPU
		{25416878-7D8C-4356-AFD8-4693FA827974}.Debug|Any CPU.Build.0 = Debug|Any CPU
		{25416878-7D8C-4356-AFD8-4693FA827974}.Release|Any CPU.ActiveCfg = Release|Any CPU
		{25416878-7D8C-4356-AFD8-4693FA827974}.Release|Any CPU.Build.0 = Release|Any CPU
		{5F977793-8D04-42F9-BB12-FA9BCCFBA677}.Debug|Any CPU.ActiveCfg = Debug|Any CPU
		{5F977793-8D04-42F9-BB12-FA9BCCFBA677}.Debug|Any CPU.Build.0 = Debug|Any CPU
		{5F977793-8D04-42F9-BB12-FA9BCCFBA677}.Release|Any CPU.ActiveCfg = Release|Any CPU
		{5F977793-8D04-42F9-BB12-FA9BCCFBA677}.Release|Any CPU.Build.0 = Release|Any CPU
		{25517A85-033B-4F75-9816-74A5D8139589}.Debug|Any CPU.ActiveCfg = Debug|Any CPU
		{25517A85-033B-4F75-9816-74A5D8139589}.Debug|Any CPU.Build.0 = Debug|Any CPU
		{25517A85-033B-4F75-9816-74A5D8139589}.Release|Any CPU.ActiveCfg = Release|Any CPU
		{25517A85-033B-4F75-9816-74A5D8139589}.Release|Any CPU.Build.0 = Release|Any CPU
		{9FB1BE47-B05A-466C-A37D-045DE4970648}.Debug|Any CPU.ActiveCfg = Debug|Any CPU
		{9FB1BE47-B05A-466C-A37D-045DE4970648}.Debug|Any CPU.Build.0 = Debug|Any CPU
		{9FB1BE47-B05A-466C-A37D-045DE4970648}.Release|Any CPU.ActiveCfg = Release|Any CPU
		{9FB1BE47-B05A-466C-A37D-045DE4970648}.Release|Any CPU.Build.0 = Release|Any CPU
	EndGlobalSection
	GlobalSection(SolutionProperties) = preSolution
		HideSolutionNode = FALSE
	EndGlobalSection
	GlobalSection(ExtensibilityGlobals) = postSolution
		SolutionGuid = {E617198E-E625-4679-A66A-FAA0CCF14DB7}
	EndGlobalSection
EndGlobal
